// !$*UTF8*$!
{
	archiveVersion = 1;
	classes = {
	};
	objectVersion = 56;
	objects = {

/* Begin PBXBuildFile section */
		86D637C12B73AB18008550D3 /* AppDelegate.swift in Sources */ = {isa = PBXBuildFile; fileRef = 86D637C02B73AB18008550D3 /* AppDelegate.swift */; };
		86D637C32B73AB18008550D3 /* SceneDelegate.swift in Sources */ = {isa = PBXBuildFile; fileRef = 86D637C22B73AB18008550D3 /* SceneDelegate.swift */; };
		86D637CA2B73AB19008550D3 /* Assets.xcassets in Resources */ = {isa = PBXBuildFile; fileRef = 86D637C92B73AB19008550D3 /* Assets.xcassets */; };
		86D637CD2B73AB19008550D3 /* LaunchScreen.storyboard in Resources */ = {isa = PBXBuildFile; fileRef = 86D637CB2B73AB19008550D3 /* LaunchScreen.storyboard */; };
		86D637D62B73B418008550D3 /* LoginView.swift in Sources */ = {isa = PBXBuildFile; fileRef = 86D637D52B73B418008550D3 /* LoginView.swift */; };
		86D637D82B73B45F008550D3 /* LoginPresenter.swift in Sources */ = {isa = PBXBuildFile; fileRef = 86D637D72B73B45F008550D3 /* LoginPresenter.swift */; };
		86D637DA2B73B488008550D3 /* LoginInteractor.swift in Sources */ = {isa = PBXBuildFile; fileRef = 86D637D92B73B488008550D3 /* LoginInteractor.swift */; };
		86D637DC2B73B4D0008550D3 /* LoginRouter.swift in Sources */ = {isa = PBXBuildFile; fileRef = 86D637DB2B73B4D0008550D3 /* LoginRouter.swift */; };
		86D637DF2B73B519008550D3 /* SnapKit in Frameworks */ = {isa = PBXBuildFile; productRef = 86D637DE2B73B519008550D3 /* SnapKit */; };
		86D637E42B73B862008550D3 /* Provider.swift in Sources */ = {isa = PBXBuildFile; fileRef = 86D637E32B73B862008550D3 /* Provider.swift */; };
		86D637E72B73B8A8008550D3 /* CombineMoya in Frameworks */ = {isa = PBXBuildFile; productRef = 86D637E62B73B8A8008550D3 /* CombineMoya */; };
		86D637E92B73B8A8008550D3 /* Moya in Frameworks */ = {isa = PBXBuildFile; productRef = 86D637E82B73B8A8008550D3 /* Moya */; };
		86D637EB2B73B8A8008550D3 /* ReactiveMoya in Frameworks */ = {isa = PBXBuildFile; productRef = 86D637EA2B73B8A8008550D3 /* ReactiveMoya */; };
		86D637ED2B73B8A8008550D3 /* RxMoya in Frameworks */ = {isa = PBXBuildFile; productRef = 86D637EC2B73B8A8008550D3 /* RxMoya */; };
		86D637EF2B73BB10008550D3 /* LoginEntity.swift in Sources */ = {isa = PBXBuildFile; fileRef = 86D637EE2B73BB10008550D3 /* LoginEntity.swift */; };
		86D637F22B73CC80008550D3 /* AuthTextField.swift in Sources */ = {isa = PBXBuildFile; fileRef = 86D637F12B73CC80008550D3 /* AuthTextField.swift */; };
		86D637F52B73F0AE008550D3 /* KeychainHelper.swift in Sources */ = {isa = PBXBuildFile; fileRef = 86D637F42B73F0AE008550D3 /* KeychainHelper.swift */; };
		86D637F82B73F0D1008550D3 /* KeychainSwift in Frameworks */ = {isa = PBXBuildFile; productRef = 86D637F72B73F0D1008550D3 /* KeychainSwift */; };
		86D637FB2B74011B008550D3 /* CoffeShopsView.swift in Sources */ = {isa = PBXBuildFile; fileRef = 86D637FA2B74011B008550D3 /* CoffeShopsView.swift */; };
		86D637FD2B74018B008550D3 /* CoffeeShopsInteractor.swift in Sources */ = {isa = PBXBuildFile; fileRef = 86D637FC2B74018B008550D3 /* CoffeeShopsInteractor.swift */; };
		86D637FF2B740208008550D3 /* CoffeShopsPresenter.swift in Sources */ = {isa = PBXBuildFile; fileRef = 86D637FE2B740208008550D3 /* CoffeShopsPresenter.swift */; };
		86D638012B740387008550D3 /* CoffeeShopsEntity.swift in Sources */ = {isa = PBXBuildFile; fileRef = 86D638002B740387008550D3 /* CoffeeShopsEntity.swift */; };
		86D638032B740413008550D3 /* CoffeeShopsRouter.swift in Sources */ = {isa = PBXBuildFile; fileRef = 86D638022B740413008550D3 /* CoffeeShopsRouter.swift */; };
		86D638052B742D29008550D3 /* CoffeeShopTableViewCell.swift in Sources */ = {isa = PBXBuildFile; fileRef = 86D638042B742D29008550D3 /* CoffeeShopTableViewCell.swift */; };
		86D638072B743538008550D3 /* AppConstants.swift in Sources */ = {isa = PBXBuildFile; fileRef = 86D638062B743538008550D3 /* AppConstants.swift */; };
/* End PBXBuildFile section */

/* Begin PBXFileReference section */
		86D637BD2B73AB18008550D3 /* SevenWindsCoffee.app */ = {isa = PBXFileReference; explicitFileType = wrapper.application; includeInIndex = 0; path = SevenWindsCoffee.app; sourceTree = BUILT_PRODUCTS_DIR; };
		86D637C02B73AB18008550D3 /* AppDelegate.swift */ = {isa = PBXFileReference; lastKnownFileType = sourcecode.swift; path = AppDelegate.swift; sourceTree = "<group>"; };
		86D637C22B73AB18008550D3 /* SceneDelegate.swift */ = {isa = PBXFileReference; lastKnownFileType = sourcecode.swift; path = SceneDelegate.swift; sourceTree = "<group>"; };
		86D637C92B73AB19008550D3 /* Assets.xcassets */ = {isa = PBXFileReference; lastKnownFileType = folder.assetcatalog; path = Assets.xcassets; sourceTree = "<group>"; };
		86D637CC2B73AB19008550D3 /* Base */ = {isa = PBXFileReference; lastKnownFileType = file.storyboard; name = Base; path = Base.lproj/LaunchScreen.storyboard; sourceTree = "<group>"; };
		86D637CE2B73AB19008550D3 /* Info.plist */ = {isa = PBXFileReference; lastKnownFileType = text.plist.xml; path = Info.plist; sourceTree = "<group>"; };
		86D637D52B73B418008550D3 /* LoginView.swift */ = {isa = PBXFileReference; lastKnownFileType = sourcecode.swift; path = LoginView.swift; sourceTree = "<group>"; };
		86D637D72B73B45F008550D3 /* LoginPresenter.swift */ = {isa = PBXFileReference; lastKnownFileType = sourcecode.swift; path = LoginPresenter.swift; sourceTree = "<group>"; };
		86D637D92B73B488008550D3 /* LoginInteractor.swift */ = {isa = PBXFileReference; lastKnownFileType = sourcecode.swift; path = LoginInteractor.swift; sourceTree = "<group>"; };
		86D637DB2B73B4D0008550D3 /* LoginRouter.swift */ = {isa = PBXFileReference; lastKnownFileType = sourcecode.swift; path = LoginRouter.swift; sourceTree = "<group>"; };
		86D637E32B73B862008550D3 /* Provider.swift */ = {isa = PBXFileReference; lastKnownFileType = sourcecode.swift; path = Provider.swift; sourceTree = "<group>"; };
		86D637EE2B73BB10008550D3 /* LoginEntity.swift */ = {isa = PBXFileReference; lastKnownFileType = sourcecode.swift; path = LoginEntity.swift; sourceTree = "<group>"; };
		86D637F12B73CC80008550D3 /* AuthTextField.swift */ = {isa = PBXFileReference; lastKnownFileType = sourcecode.swift; path = AuthTextField.swift; sourceTree = "<group>"; };
		86D637F42B73F0AE008550D3 /* KeychainHelper.swift */ = {isa = PBXFileReference; lastKnownFileType = sourcecode.swift; path = KeychainHelper.swift; sourceTree = "<group>"; };
		86D637FA2B74011B008550D3 /* CoffeShopsView.swift */ = {isa = PBXFileReference; lastKnownFileType = sourcecode.swift; path = CoffeShopsView.swift; sourceTree = "<group>"; };
		86D637FC2B74018B008550D3 /* CoffeeShopsInteractor.swift */ = {isa = PBXFileReference; lastKnownFileType = sourcecode.swift; path = CoffeeShopsInteractor.swift; sourceTree = "<group>"; };
		86D637FE2B740208008550D3 /* CoffeShopsPresenter.swift */ = {isa = PBXFileReference; lastKnownFileType = sourcecode.swift; path = CoffeShopsPresenter.swift; sourceTree = "<group>"; };
		86D638002B740387008550D3 /* CoffeeShopsEntity.swift */ = {isa = PBXFileReference; lastKnownFileType = sourcecode.swift; path = CoffeeShopsEntity.swift; sourceTree = "<group>"; };
		86D638022B740413008550D3 /* CoffeeShopsRouter.swift */ = {isa = PBXFileReference; lastKnownFileType = sourcecode.swift; path = CoffeeShopsRouter.swift; sourceTree = "<group>"; };
		86D638042B742D29008550D3 /* CoffeeShopTableViewCell.swift */ = {isa = PBXFileReference; lastKnownFileType = sourcecode.swift; path = CoffeeShopTableViewCell.swift; sourceTree = "<group>"; };
		86D638062B743538008550D3 /* AppConstants.swift */ = {isa = PBXFileReference; lastKnownFileType = sourcecode.swift; path = AppConstants.swift; sourceTree = "<group>"; };
/* End PBXFileReference section */

/* Begin PBXFrameworksBuildPhase section */
		86D637BA2B73AB18008550D3 /* Frameworks */ = {
			isa = PBXFrameworksBuildPhase;
			buildActionMask = 2147483647;
			files = (
				86D637F82B73F0D1008550D3 /* KeychainSwift in Frameworks */,
				86D637ED2B73B8A8008550D3 /* RxMoya in Frameworks */,
				86D637E72B73B8A8008550D3 /* CombineMoya in Frameworks */,
				86D637EB2B73B8A8008550D3 /* ReactiveMoya in Frameworks */,
				86D637DF2B73B519008550D3 /* SnapKit in Frameworks */,
				86D637E92B73B8A8008550D3 /* Moya in Frameworks */,
			);
			runOnlyForDeploymentPostprocessing = 0;
		};
/* End PBXFrameworksBuildPhase section */

/* Begin PBXGroup section */
		86D637B42B73AB18008550D3 = {
			isa = PBXGroup;
			children = (
				86D637BF2B73AB18008550D3 /* SevenWindsCoffee */,
				86D637BE2B73AB18008550D3 /* Products */,
			);
			sourceTree = "<group>";
		};
		86D637BE2B73AB18008550D3 /* Products */ = {
			isa = PBXGroup;
			children = (
				86D637BD2B73AB18008550D3 /* SevenWindsCoffee.app */,
			);
			name = Products;
			sourceTree = "<group>";
		};
		86D637BF2B73AB18008550D3 /* SevenWindsCoffee */ = {
			isa = PBXGroup;
			children = (
				86D637F32B73F072008550D3 /* Helpers */,
				86D637E22B73B83D008550D3 /* Network */,
				86D637D42B73B3D7008550D3 /* Login */,
				86D637F92B7400E4008550D3 /* CoffeeShops */,
				86D637C02B73AB18008550D3 /* AppDelegate.swift */,
				86D637C22B73AB18008550D3 /* SceneDelegate.swift */,
				86D637C92B73AB19008550D3 /* Assets.xcassets */,
				86D637CB2B73AB19008550D3 /* LaunchScreen.storyboard */,
				86D637CE2B73AB19008550D3 /* Info.plist */,
			);
			path = SevenWindsCoffee;
			sourceTree = "<group>";
		};
		86D637D42B73B3D7008550D3 /* Login */ = {
			isa = PBXGroup;
			children = (
				86D637F02B73CC62008550D3 /* Support Views */,
				86D637D52B73B418008550D3 /* LoginView.swift */,
				86D637D92B73B488008550D3 /* LoginInteractor.swift */,
				86D637D72B73B45F008550D3 /* LoginPresenter.swift */,
				86D637EE2B73BB10008550D3 /* LoginEntity.swift */,
				86D637DB2B73B4D0008550D3 /* LoginRouter.swift */,
			);
			path = Login;
			sourceTree = "<group>";
		};
		86D637E22B73B83D008550D3 /* Network */ = {
			isa = PBXGroup;
			children = (
				86D637E32B73B862008550D3 /* Provider.swift */,
			);
			path = Network;
			sourceTree = "<group>";
		};
		86D637F02B73CC62008550D3 /* Support Views */ = {
			isa = PBXGroup;
			children = (
				86D637F12B73CC80008550D3 /* AuthTextField.swift */,
			);
			path = "Support Views";
			sourceTree = "<group>";
		};
		86D637F32B73F072008550D3 /* Helpers */ = {
			isa = PBXGroup;
			children = (
				86D637F42B73F0AE008550D3 /* KeychainHelper.swift */,
				86D638062B743538008550D3 /* AppConstants.swift */,
			);
			path = Helpers;
			sourceTree = "<group>";
		};
		86D637F92B7400E4008550D3 /* CoffeeShops */ = {
			isa = PBXGroup;
			children = (
				86D637FA2B74011B008550D3 /* CoffeShopsView.swift */,
				86D637FC2B74018B008550D3 /* CoffeeShopsInteractor.swift */,
				86D637FE2B740208008550D3 /* CoffeShopsPresenter.swift */,
				86D638002B740387008550D3 /* CoffeeShopsEntity.swift */,
				86D638022B740413008550D3 /* CoffeeShopsRouter.swift */,
				86D638042B742D29008550D3 /* CoffeeShopTableViewCell.swift */,
			);
			path = CoffeeShops;
			sourceTree = "<group>";
		};
/* End PBXGroup section */

/* Begin PBXNativeTarget section */
		86D637BC2B73AB18008550D3 /* SevenWindsCoffee */ = {
			isa = PBXNativeTarget;
			buildConfigurationList = 86D637D12B73AB19008550D3 /* Build configuration list for PBXNativeTarget "SevenWindsCoffee" */;
			buildPhases = (
				86D637B92B73AB18008550D3 /* Sources */,
				86D637BA2B73AB18008550D3 /* Frameworks */,
				86D637BB2B73AB18008550D3 /* Resources */,
			);
			buildRules = (
			);
			dependencies = (
			);
			name = SevenWindsCoffee;
			packageProductDependencies = (
				86D637DE2B73B519008550D3 /* SnapKit */,
				86D637E62B73B8A8008550D3 /* CombineMoya */,
				86D637E82B73B8A8008550D3 /* Moya */,
				86D637EA2B73B8A8008550D3 /* ReactiveMoya */,
				86D637EC2B73B8A8008550D3 /* RxMoya */,
				86D637F72B73F0D1008550D3 /* KeychainSwift */,
			);
			productName = SevenWindsCoffee;
			productReference = 86D637BD2B73AB18008550D3 /* SevenWindsCoffee.app */;
			productType = "com.apple.product-type.application";
		};
/* End PBXNativeTarget section */

/* Begin PBXProject section */
		86D637B52B73AB18008550D3 /* Project object */ = {
			isa = PBXProject;
			attributes = {
				BuildIndependentTargetsInParallel = 1;
				LastSwiftUpdateCheck = 1520;
				LastUpgradeCheck = 1520;
				TargetAttributes = {
					86D637BC2B73AB18008550D3 = {
						CreatedOnToolsVersion = 15.2;
					};
				};
			};
			buildConfigurationList = 86D637B82B73AB18008550D3 /* Build configuration list for PBXProject "SevenWindsCoffee" */;
			compatibilityVersion = "Xcode 14.0";
			developmentRegion = en;
			hasScannedForEncodings = 0;
			knownRegions = (
				en,
				Base,
			);
			mainGroup = 86D637B42B73AB18008550D3;
			packageReferences = (
				86D637DD2B73B519008550D3 /* XCRemoteSwiftPackageReference "SnapKit" */,
				86D637E52B73B8A8008550D3 /* XCRemoteSwiftPackageReference "Moya" */,
				86D637F62B73F0D1008550D3 /* XCRemoteSwiftPackageReference "keychain-swift" */,
			);
			productRefGroup = 86D637BE2B73AB18008550D3 /* Products */;
			projectDirPath = "";
			projectRoot = "";
			targets = (
				86D637BC2B73AB18008550D3 /* SevenWindsCoffee */,
			);
		};
/* End PBXProject section */

/* Begin PBXResourcesBuildPhase section */
		86D637BB2B73AB18008550D3 /* Resources */ = {
			isa = PBXResourcesBuildPhase;
			buildActionMask = 2147483647;
			files = (
				86D637CD2B73AB19008550D3 /* LaunchScreen.storyboard in Resources */,
				86D637CA2B73AB19008550D3 /* Assets.xcassets in Resources */,
			);
			runOnlyForDeploymentPostprocessing = 0;
		};
/* End PBXResourcesBuildPhase section */

/* Begin PBXSourcesBuildPhase section */
		86D637B92B73AB18008550D3 /* Sources */ = {
			isa = PBXSourcesBuildPhase;
			buildActionMask = 2147483647;
			files = (
				86D637EF2B73BB10008550D3 /* LoginEntity.swift in Sources */,
				86D638072B743538008550D3 /* AppConstants.swift in Sources */,
				86D637F22B73CC80008550D3 /* AuthTextField.swift in Sources */,
				86D637C12B73AB18008550D3 /* AppDelegate.swift in Sources */,
				86D637F52B73F0AE008550D3 /* KeychainHelper.swift in Sources */,
				86D637DA2B73B488008550D3 /* LoginInteractor.swift in Sources */,
				86D637D62B73B418008550D3 /* LoginView.swift in Sources */,
				86D637E42B73B862008550D3 /* Provider.swift in Sources */,
				86D637FF2B740208008550D3 /* CoffeShopsPresenter.swift in Sources */,
				86D637FB2B74011B008550D3 /* CoffeShopsView.swift in Sources */,
				86D637C32B73AB18008550D3 /* SceneDelegate.swift in Sources */,
				86D638032B740413008550D3 /* CoffeeShopsRouter.swift in Sources */,
				86D637DC2B73B4D0008550D3 /* LoginRouter.swift in Sources */,
				86D637FD2B74018B008550D3 /* CoffeeShopsInteractor.swift in Sources */,
				86D638052B742D29008550D3 /* CoffeeShopTableViewCell.swift in Sources */,
				86D638012B740387008550D3 /* CoffeeShopsEntity.swift in Sources */,
				86D637D82B73B45F008550D3 /* LoginPresenter.swift in Sources */,
			);
			runOnlyForDeploymentPostprocessing = 0;
		};
/* End PBXSourcesBuildPhase section */

/* Begin PBXVariantGroup section */
		86D637CB2B73AB19008550D3 /* LaunchScreen.storyboard */ = {
			isa = PBXVariantGroup;
			children = (
				86D637CC2B73AB19008550D3 /* Base */,
			);
			name = LaunchScreen.storyboard;
			sourceTree = "<group>";
		};
/* End PBXVariantGroup section */

/* Begin XCBuildConfiguration section */
		86D637CF2B73AB19008550D3 /* Debug */ = {
			isa = XCBuildConfiguration;
			buildSettings = {
				ALWAYS_SEARCH_USER_PATHS = NO;
				ASSETCATALOG_COMPILER_GENERATE_SWIFT_ASSET_SYMBOL_EXTENSIONS = YES;
				CLANG_ANALYZER_NONNULL = YES;
				CLANG_ANALYZER_NUMBER_OBJECT_CONVERSION = YES_AGGRESSIVE;
				CLANG_CXX_LANGUAGE_STANDARD = "gnu++20";
				CLANG_ENABLE_MODULES = YES;
				CLANG_ENABLE_OBJC_ARC = YES;
				CLANG_ENABLE_OBJC_WEAK = YES;
				CLANG_WARN_BLOCK_CAPTURE_AUTORELEASING = YES;
				CLANG_WARN_BOOL_CONVERSION = YES;
				CLANG_WARN_COMMA = YES;
				CLANG_WARN_CONSTANT_CONVERSION = YES;
				CLANG_WARN_DEPRECATED_OBJC_IMPLEMENTATIONS = YES;
				CLANG_WARN_DIRECT_OBJC_ISA_USAGE = YES_ERROR;
				CLANG_WARN_DOCUMENTATION_COMMENTS = YES;
				CLANG_WARN_EMPTY_BODY = YES;
				CLANG_WARN_ENUM_CONVERSION = YES;
				CLANG_WARN_INFINITE_RECURSION = YES;
				CLANG_WARN_INT_CONVERSION = YES;
				CLANG_WARN_NON_LITERAL_NULL_CONVERSION = YES;
				CLANG_WARN_OBJC_IMPLICIT_RETAIN_SELF = YES;
				CLANG_WARN_OBJC_LITERAL_CONVERSION = YES;
				CLANG_WARN_OBJC_ROOT_CLASS = YES_ERROR;
				CLANG_WARN_QUOTED_INCLUDE_IN_FRAMEWORK_HEADER = YES;
				CLANG_WARN_RANGE_LOOP_ANALYSIS = YES;
				CLANG_WARN_STRICT_PROTOTYPES = YES;
				CLANG_WARN_SUSPICIOUS_MOVE = YES;
				CLANG_WARN_UNGUARDED_AVAILABILITY = YES_AGGRESSIVE;
				CLANG_WARN_UNREACHABLE_CODE = YES;
				CLANG_WARN__DUPLICATE_METHOD_MATCH = YES;
				COPY_PHASE_STRIP = NO;
				DEBUG_INFORMATION_FORMAT = dwarf;
				ENABLE_STRICT_OBJC_MSGSEND = YES;
				ENABLE_TESTABILITY = YES;
				ENABLE_USER_SCRIPT_SANDBOXING = YES;
				GCC_C_LANGUAGE_STANDARD = gnu17;
				GCC_DYNAMIC_NO_PIC = NO;
				GCC_NO_COMMON_BLOCKS = YES;
				GCC_OPTIMIZATION_LEVEL = 0;
				GCC_PREPROCESSOR_DEFINITIONS = (
					"DEBUG=1",
					"$(inherited)",
				);
				GCC_WARN_64_TO_32_BIT_CONVERSION = YES;
				GCC_WARN_ABOUT_RETURN_TYPE = YES_ERROR;
				GCC_WARN_UNDECLARED_SELECTOR = YES;
				GCC_WARN_UNINITIALIZED_AUTOS = YES_AGGRESSIVE;
				GCC_WARN_UNUSED_FUNCTION = YES;
				GCC_WARN_UNUSED_VARIABLE = YES;
				IPHONEOS_DEPLOYMENT_TARGET = 17.2;
				LOCALIZATION_PREFERS_STRING_CATALOGS = YES;
				MTL_ENABLE_DEBUG_INFO = INCLUDE_SOURCE;
				MTL_FAST_MATH = YES;
				ONLY_ACTIVE_ARCH = YES;
				SDKROOT = iphoneos;
				SWIFT_ACTIVE_COMPILATION_CONDITIONS = "DEBUG $(inherited)";
				SWIFT_OPTIMIZATION_LEVEL = "-Onone";
			};
			name = Debug;
		};
		86D637D02B73AB19008550D3 /* Release */ = {
			isa = XCBuildConfiguration;
			buildSettings = {
				ALWAYS_SEARCH_USER_PATHS = NO;
				ASSETCATALOG_COMPILER_GENERATE_SWIFT_ASSET_SYMBOL_EXTENSIONS = YES;
				CLANG_ANALYZER_NONNULL = YES;
				CLANG_ANALYZER_NUMBER_OBJECT_CONVERSION = YES_AGGRESSIVE;
				CLANG_CXX_LANGUAGE_STANDARD = "gnu++20";
				CLANG_ENABLE_MODULES = YES;
				CLANG_ENABLE_OBJC_ARC = YES;
				CLANG_ENABLE_OBJC_WEAK = YES;
				CLANG_WARN_BLOCK_CAPTURE_AUTORELEASING = YES;
				CLANG_WARN_BOOL_CONVERSION = YES;
				CLANG_WARN_COMMA = YES;
				CLANG_WARN_CONSTANT_CONVERSION = YES;
				CLANG_WARN_DEPRECATED_OBJC_IMPLEMENTATIONS = YES;
				CLANG_WARN_DIRECT_OBJC_ISA_USAGE = YES_ERROR;
				CLANG_WARN_DOCUMENTATION_COMMENTS = YES;
				CLANG_WARN_EMPTY_BODY = YES;
				CLANG_WARN_ENUM_CONVERSION = YES;
				CLANG_WARN_INFINITE_RECURSION = YES;
				CLANG_WARN_INT_CONVERSION = YES;
				CLANG_WARN_NON_LITERAL_NULL_CONVERSION = YES;
				CLANG_WARN_OBJC_IMPLICIT_RETAIN_SELF = YES;
				CLANG_WARN_OBJC_LITERAL_CONVERSION = YES;
				CLANG_WARN_OBJC_ROOT_CLASS = YES_ERROR;
				CLANG_WARN_QUOTED_INCLUDE_IN_FRAMEWORK_HEADER = YES;
				CLANG_WARN_RANGE_LOOP_ANALYSIS = YES;
				CLANG_WARN_STRICT_PROTOTYPES = YES;
				CLANG_WARN_SUSPICIOUS_MOVE = YES;
				CLANG_WARN_UNGUARDED_AVAILABILITY = YES_AGGRESSIVE;
				CLANG_WARN_UNREACHABLE_CODE = YES;
				CLANG_WARN__DUPLICATE_METHOD_MATCH = YES;
				COPY_PHASE_STRIP = NO;
				DEBUG_INFORMATION_FORMAT = "dwarf-with-dsym";
				ENABLE_NS_ASSERTIONS = NO;
				ENABLE_STRICT_OBJC_MSGSEND = YES;
				ENABLE_USER_SCRIPT_SANDBOXING = YES;
				GCC_C_LANGUAGE_STANDARD = gnu17;
				GCC_NO_COMMON_BLOCKS = YES;
				GCC_WARN_64_TO_32_BIT_CONVERSION = YES;
				GCC_WARN_ABOUT_RETURN_TYPE = YES_ERROR;
				GCC_WARN_UNDECLARED_SELECTOR = YES;
				GCC_WARN_UNINITIALIZED_AUTOS = YES_AGGRESSIVE;
				GCC_WARN_UNUSED_FUNCTION = YES;
				GCC_WARN_UNUSED_VARIABLE = YES;
				IPHONEOS_DEPLOYMENT_TARGET = 17.2;
				LOCALIZATION_PREFERS_STRING_CATALOGS = YES;
				MTL_ENABLE_DEBUG_INFO = NO;
				MTL_FAST_MATH = YES;
				SDKROOT = iphoneos;
				SWIFT_COMPILATION_MODE = wholemodule;
				VALIDATE_PRODUCT = YES;
			};
			name = Release;
		};
		86D637D22B73AB19008550D3 /* Debug */ = {
			isa = XCBuildConfiguration;
			buildSettings = {
				ASSETCATALOG_COMPILER_APPICON_NAME = AppIcon;
				ASSETCATALOG_COMPILER_GLOBAL_ACCENT_COLOR_NAME = AccentColor;
				CODE_SIGN_STYLE = Automatic;
				CURRENT_PROJECT_VERSION = 1;
				DEVELOPMENT_TEAM = 922R4697G4;
				GENERATE_INFOPLIST_FILE = YES;
				INFOPLIST_FILE = SevenWindsCoffee/Info.plist;
				INFOPLIST_KEY_UIApplicationSupportsIndirectInputEvents = YES;
				INFOPLIST_KEY_UILaunchStoryboardName = LaunchScreen;
				INFOPLIST_KEY_UISupportedInterfaceOrientations_iPad = "UIInterfaceOrientationPortrait UIInterfaceOrientationPortraitUpsideDown UIInterfaceOrientationLandscapeLeft UIInterfaceOrientationLandscapeRight";
				INFOPLIST_KEY_UISupportedInterfaceOrientations_iPhone = "UIInterfaceOrientationPortrait UIInterfaceOrientationLandscapeLeft UIInterfaceOrientationLandscapeRight";
				LD_RUNPATH_SEARCH_PATHS = (
					"$(inherited)",
					"@executable_path/Frameworks",
				);
				MARKETING_VERSION = 1.0;
				PRODUCT_BUNDLE_IDENTIFIER = uk.co.markgolubev.SevenWindsCoffee;
				PRODUCT_NAME = "$(TARGET_NAME)";
				SWIFT_EMIT_LOC_STRINGS = YES;
				SWIFT_VERSION = 5.0;
				TARGETED_DEVICE_FAMILY = "1,2";
			};
			name = Debug;
		};
		86D637D32B73AB19008550D3 /* Release */ = {
			isa = XCBuildConfiguration;
			buildSettings = {
				ASSETCATALOG_COMPILER_APPICON_NAME = AppIcon;
				ASSETCATALOG_COMPILER_GLOBAL_ACCENT_COLOR_NAME = AccentColor;
				CODE_SIGN_STYLE = Automatic;
				CURRENT_PROJECT_VERSION = 1;
				DEVELOPMENT_TEAM = 922R4697G4;
				GENERATE_INFOPLIST_FILE = YES;
				INFOPLIST_FILE = SevenWindsCoffee/Info.plist;
				INFOPLIST_KEY_UIApplicationSupportsIndirectInputEvents = YES;
				INFOPLIST_KEY_UILaunchStoryboardName = LaunchScreen;
				INFOPLIST_KEY_UISupportedInterfaceOrientations_iPad = "UIInterfaceOrientationPortrait UIInterfaceOrientationPortraitUpsideDown UIInterfaceOrientationLandscapeLeft UIInterfaceOrientationLandscapeRight";
				INFOPLIST_KEY_UISupportedInterfaceOrientations_iPhone = "UIInterfaceOrientationPortrait UIInterfaceOrientationLandscapeLeft UIInterfaceOrientationLandscapeRight";
				LD_RUNPATH_SEARCH_PATHS = (
					"$(inherited)",
					"@executable_path/Frameworks",
				);
				MARKETING_VERSION = 1.0;
				PRODUCT_BUNDLE_IDENTIFIER = uk.co.markgolubev.SevenWindsCoffee;
				PRODUCT_NAME = "$(TARGET_NAME)";
				SWIFT_EMIT_LOC_STRINGS = YES;
				SWIFT_VERSION = 5.0;
				TARGETED_DEVICE_FAMILY = "1,2";
			};
			name = Release;
		};
/* End XCBuildConfiguration section */

/* Begin XCConfigurationList section */
		86D637B82B73AB18008550D3 /* Build configuration list for PBXProject "SevenWindsCoffee" */ = {
			isa = XCConfigurationList;
			buildConfigurations = (
				86D637CF2B73AB19008550D3 /* Debug */,
				86D637D02B73AB19008550D3 /* Release */,
			);
			defaultConfigurationIsVisible = 0;
			defaultConfigurationName = Release;
		};
		86D637D12B73AB19008550D3 /* Build configuration list for PBXNativeTarget "SevenWindsCoffee" */ = {
			isa = XCConfigurationList;
			buildConfigurations = (
				86D637D22B73AB19008550D3 /* Debug */,
				86D637D32B73AB19008550D3 /* Release */,
			);
			defaultConfigurationIsVisible = 0;
			defaultConfigurationName = Release;
		};
/* End XCConfigurationList section */

/* Begin XCRemoteSwiftPackageReference section */
		86D637DD2B73B519008550D3 /* XCRemoteSwiftPackageReference "SnapKit" */ = {
			isa = XCRemoteSwiftPackageReference;
			repositoryURL = "https://github.com/SnapKit/SnapKit.git";
			requirement = {
				kind = upToNextMajorVersion;
				minimumVersion = 5.7.0;
			};
		};
		86D637E52B73B8A8008550D3 /* XCRemoteSwiftPackageReference "Moya" */ = {
			isa = XCRemoteSwiftPackageReference;
			repositoryURL = "https://github.com/Moya/Moya.git";
			requirement = {
				kind = upToNextMajorVersion;
				minimumVersion = 15.0.3;
			};
		};
		86D637F62B73F0D1008550D3 /* XCRemoteSwiftPackageReference "keychain-swift" */ = {
			isa = XCRemoteSwiftPackageReference;
			repositoryURL = "https://github.com/evgenyneu/keychain-swift.git";
			requirement = {
				kind = upToNextMajorVersion;
				minimumVersion = 21.0.0;
			};
		};
/* End XCRemoteSwiftPackageReference section */

/* Begin XCSwiftPackageProductDependency section */
		86D637DE2B73B519008550D3 /* SnapKit */ = {
			isa = XCSwiftPackageProductDependency;
			package = 86D637DD2B73B519008550D3 /* XCRemoteSwiftPackageReference "SnapKit" */;
			productName = SnapKit;
		};
		86D637E62B73B8A8008550D3 /* CombineMoya */ = {
			isa = XCSwiftPackageProductDependency;
			package = 86D637E52B73B8A8008550D3 /* XCRemoteSwiftPackageReference "Moya" */;
			productName = CombineMoya;
		};
		86D637E82B73B8A8008550D3 /* Moya */ = {
			isa = XCSwiftPackageProductDependency;
			package = 86D637E52B73B8A8008550D3 /* XCRemoteSwiftPackageReference "Moya" */;
			productName = Moya;
		};
		86D637EA2B73B8A8008550D3 /* ReactiveMoya */ = {
			isa = XCSwiftPackageProductDependency;
			package = 86D637E52B73B8A8008550D3 /* XCRemoteSwiftPackageReference "Moya" */;
			productName = ReactiveMoya;
		};
		86D637EC2B73B8A8008550D3 /* RxMoya */ = {
			isa = XCSwiftPackageProductDependency;
			package = 86D637E52B73B8A8008550D3 /* XCRemoteSwiftPackageReference "Moya" */;
			productName = RxMoya;
		};
		86D637F72B73F0D1008550D3 /* KeychainSwift */ = {
			isa = XCSwiftPackageProductDependency;
			package = 86D637F62B73F0D1008550D3 /* XCRemoteSwiftPackageReference "keychain-swift" */;
			productName = KeychainSwift;
		};
/* End XCSwiftPackageProductDependency section */
	};
	rootObject = 86D637B52B73AB18008550D3 /* Project object */;
}
